// !$*UTF8*$!
{
	archiveVersion = 1;
	classes = {
	};
	objectVersion = 46;
	objects = {

/* Begin PBXBuildFile section */
		0091D8F90E81B9330029341E /* OpenGL.framework in Frameworks */ = {isa = PBXBuildFile; fileRef = 0091D8F80E81B9330029341E /* OpenGL.framework */; };
		00B784B30FF439BC000DE1D7 /* Accelerate.framework in Frameworks */ = {isa = PBXBuildFile; fileRef = 00B784AF0FF439BC000DE1D7 /* Accelerate.framework */; };
		00B784B40FF439BC000DE1D7 /* AudioToolbox.framework in Frameworks */ = {isa = PBXBuildFile; fileRef = 00B784B00FF439BC000DE1D7 /* AudioToolbox.framework */; };
		00B784B50FF439BC000DE1D7 /* AudioUnit.framework in Frameworks */ = {isa = PBXBuildFile; fileRef = 00B784B10FF439BC000DE1D7 /* AudioUnit.framework */; };
		00B784B60FF439BC000DE1D7 /* CoreAudio.framework in Frameworks */ = {isa = PBXBuildFile; fileRef = 00B784B20FF439BC000DE1D7 /* CoreAudio.framework */; };
		0237623E1AB683F90001A611 /* Ribbons.iconset in Resources */ = {isa = PBXBuildFile; fileRef = 0237623D1AB683F90001A611 /* Ribbons.iconset */; };
		025A4C2A1AB6952600917CFF /* libovr.a in Frameworks */ = {isa = PBXBuildFile; fileRef = 0266C0681A588BD0004C0A6C /* libovr.a */; };
		025A4C2B1AB6953000917CFF /* libcinder_d.a in Frameworks */ = {isa = PBXBuildFile; fileRef = 025A4C231AB68BE600917CFF /* libcinder_d.a */; };
		02644D391A11ADCF00937F23 /* PitchCircle.cpp in Sources */ = {isa = PBXBuildFile; fileRef = 02644D371A11ADCF00937F23 /* PitchCircle.cpp */; };
		027794F519D7DEBD0086BF1A /* RibbonMesh.cpp in Sources */ = {isa = PBXBuildFile; fileRef = 027794F319D7DEBD0086BF1A /* RibbonMesh.cpp */; };
		027794F819D893700086BF1A /* RibbonManager.cpp in Sources */ = {isa = PBXBuildFile; fileRef = 027794F619D893700086BF1A /* RibbonManager.cpp */; };
		029D20611A13308E0080E196 /* Starfield.cpp in Sources */ = {isa = PBXBuildFile; fileRef = 029D205F1A13308E0080E196 /* Starfield.cpp */; };
		02A24D8C19E9047600CBD22F /* BeatCircle.cpp in Sources */ = {isa = PBXBuildFile; fileRef = 02A24D8A19E9047600CBD22F /* BeatCircle.cpp */; };
		02EB0FC719E102130039C969 /* AudioProcessor.cpp in Sources */ = {isa = PBXBuildFile; fileRef = 02EB0FC519E102130039C969 /* AudioProcessor.cpp */; };
		02EB0FCE19E7AE140039C969 /* README.md in Sources */ = {isa = PBXBuildFile; fileRef = 02EB0FCC19E7AE140039C969 /* README.md */; };
		5323E6B20EAFCA74003A9687 /* CoreVideo.framework in Frameworks */ = {isa = PBXBuildFile; fileRef = 5323E6B10EAFCA74003A9687 /* CoreVideo.framework */; };
		5323E6B60EAFCA7E003A9687 /* QTKit.framework in Frameworks */ = {isa = PBXBuildFile; fileRef = 5323E6B50EAFCA7E003A9687 /* QTKit.framework */; };
		8D11072F0486CEB800E47090 /* Cocoa.framework in Frameworks */ = {isa = PBXBuildFile; fileRef = 1058C7A1FEA54F0111CA2CBB /* Cocoa.framework */; };
		E048231046E045D5AED2B0AA /* RibbonsApp.cpp in Sources */ = {isa = PBXBuildFile; fileRef = A2DF4174E5BD4D5E85613E86 /* RibbonsApp.cpp */; };
/* End PBXBuildFile section */

/* Begin PBXContainerItemProxy section */
		025A4C221AB68BE600917CFF /* PBXContainerItemProxy */ = {
			isa = PBXContainerItemProxy;
			containerPortal = 029F8F2D1AB660020012733C /* cinder.xcodeproj */;
			proxyType = 2;
			remoteGlobalIDString = D2AAC07E0554694100DB518D;
			remoteInfo = cinder;
		};
		025A4C241AB68BE600917CFF /* PBXContainerItemProxy */ = {
			isa = PBXContainerItemProxy;
			containerPortal = 029F8F2D1AB660020012733C /* cinder.xcodeproj */;
			proxyType = 2;
			remoteGlobalIDString = 007050BE1114F93F003FCAE4;
			remoteInfo = cinder_iphone;
		};
		025A4C261AB68BE600917CFF /* PBXContainerItemProxy */ = {
			isa = PBXContainerItemProxy;
			containerPortal = 029F8F2D1AB660020012733C /* cinder.xcodeproj */;
			proxyType = 2;
			remoteGlobalIDString = 00CFD9E11135C3520091E310;
			remoteInfo = cinder_iphone_sim;
		};
		0266C0671A588BD0004C0A6C /* PBXContainerItemProxy */ = {
			isa = PBXContainerItemProxy;
			containerPortal = 0266C0631A588BCF004C0A6C /* LibOVR.xcodeproj */;
			proxyType = 2;
			remoteGlobalIDString = E82D4CD31906FE640070CB3F;
			remoteInfo = LibOVR;
		};
/* End PBXContainerItemProxy section */

/* Begin PBXFileReference section */
		0091D8F80E81B9330029341E /* OpenGL.framework */ = {isa = PBXFileReference; lastKnownFileType = wrapper.framework; name = OpenGL.framework; path = /System/Library/Frameworks/OpenGL.framework; sourceTree = "<absolute>"; };
		00B784AF0FF439BC000DE1D7 /* Accelerate.framework */ = {isa = PBXFileReference; lastKnownFileType = wrapper.framework; name = Accelerate.framework; path = System/Library/Frameworks/Accelerate.framework; sourceTree = SDKROOT; };
		00B784B00FF439BC000DE1D7 /* AudioToolbox.framework */ = {isa = PBXFileReference; lastKnownFileType = wrapper.framework; name = AudioToolbox.framework; path = System/Library/Frameworks/AudioToolbox.framework; sourceTree = SDKROOT; };
		00B784B10FF439BC000DE1D7 /* AudioUnit.framework */ = {isa = PBXFileReference; lastKnownFileType = wrapper.framework; name = AudioUnit.framework; path = System/Library/Frameworks/AudioUnit.framework; sourceTree = SDKROOT; };
		00B784B20FF439BC000DE1D7 /* CoreAudio.framework */ = {isa = PBXFileReference; lastKnownFileType = wrapper.framework; name = CoreAudio.framework; path = System/Library/Frameworks/CoreAudio.framework; sourceTree = SDKROOT; };
		0237623D1AB683F90001A611 /* Ribbons.iconset */ = {isa = PBXFileReference; lastKnownFileType = folder.iconset; name = Ribbons.iconset; path = ../resources/Ribbons.iconset; sourceTree = "<group>"; };
		02644D371A11ADCF00937F23 /* PitchCircle.cpp */ = {isa = PBXFileReference; fileEncoding = 4; lastKnownFileType = sourcecode.cpp.cpp; name = PitchCircle.cpp; path = ../src/PitchCircle.cpp; sourceTree = "<group>"; };
		02644D381A11ADCF00937F23 /* PitchCircle.h */ = {isa = PBXFileReference; fileEncoding = 4; lastKnownFileType = sourcecode.c.h; name = PitchCircle.h; path = ../src/PitchCircle.h; sourceTree = "<group>"; };
		0266C0631A588BCF004C0A6C /* LibOVR.xcodeproj */ = {isa = PBXFileReference; lastKnownFileType = "wrapper.pb-project"; name = LibOVR.xcodeproj; path = ../../../../OculusSDK/LibOVR/Projects/Mac/Xcode/LibOVR.xcodeproj; sourceTree = "<group>"; };
		027794F319D7DEBD0086BF1A /* RibbonMesh.cpp */ = {isa = PBXFileReference; fileEncoding = 4; lastKnownFileType = sourcecode.cpp.cpp; name = RibbonMesh.cpp; path = ../src/RibbonMesh.cpp; sourceTree = "<group>"; };
		027794F419D7DEBD0086BF1A /* RibbonMesh.h */ = {isa = PBXFileReference; fileEncoding = 4; lastKnownFileType = sourcecode.c.h; name = RibbonMesh.h; path = ../src/RibbonMesh.h; sourceTree = "<group>"; };
		027794F619D893700086BF1A /* RibbonManager.cpp */ = {isa = PBXFileReference; fileEncoding = 4; lastKnownFileType = sourcecode.cpp.cpp; name = RibbonManager.cpp; path = ../src/RibbonManager.cpp; sourceTree = "<group>"; };
		027794F719D893700086BF1A /* RibbonManager.h */ = {isa = PBXFileReference; fileEncoding = 4; lastKnownFileType = sourcecode.c.h; name = RibbonManager.h; path = ../src/RibbonManager.h; sourceTree = "<group>"; };
		029D205F1A13308E0080E196 /* Starfield.cpp */ = {isa = PBXFileReference; fileEncoding = 4; lastKnownFileType = sourcecode.cpp.cpp; name = Starfield.cpp; path = ../src/Starfield.cpp; sourceTree = "<group>"; };
		029D20601A13308E0080E196 /* Starfield.h */ = {isa = PBXFileReference; fileEncoding = 4; lastKnownFileType = sourcecode.c.h; name = Starfield.h; path = ../src/Starfield.h; sourceTree = "<group>"; };
		029F8F2D1AB660020012733C /* cinder.xcodeproj */ = {isa = PBXFileReference; lastKnownFileType = "wrapper.pb-project"; name = cinder.xcodeproj; path = ../../../../cinder/xcode/cinder.xcodeproj; sourceTree = "<group>"; };
		02A24D8A19E9047600CBD22F /* BeatCircle.cpp */ = {isa = PBXFileReference; fileEncoding = 4; lastKnownFileType = sourcecode.cpp.cpp; name = BeatCircle.cpp; path = ../src/BeatCircle.cpp; sourceTree = "<group>"; };
		02A24D8B19E9047600CBD22F /* BeatCircle.h */ = {isa = PBXFileReference; fileEncoding = 4; lastKnownFileType = sourcecode.c.h; name = BeatCircle.h; path = ../src/BeatCircle.h; sourceTree = "<group>"; };
		02BD75461AB689E40088DA70 /* libcinder_d.a */ = {isa = PBXFileReference; lastKnownFileType = archive.ar; name = libcinder_d.a; path = ../../../../cinder/lib/libcinder_d.a; sourceTree = "<group>"; };
		02EB0FC519E102130039C969 /* AudioProcessor.cpp */ = {isa = PBXFileReference; fileEncoding = 4; lastKnownFileType = sourcecode.cpp.cpp; name = AudioProcessor.cpp; path = ../src/AudioProcessor.cpp; sourceTree = "<group>"; };
		02EB0FC619E102130039C969 /* AudioProcessor.h */ = {isa = PBXFileReference; fileEncoding = 4; lastKnownFileType = sourcecode.c.h; name = AudioProcessor.h; path = ../src/AudioProcessor.h; sourceTree = "<group>"; };
		02EB0FCB19E646830039C969 /* RibbonsApp.h */ = {isa = PBXFileReference; lastKnownFileType = sourcecode.c.h; name = RibbonsApp.h; path = ../src/RibbonsApp.h; sourceTree = "<group>"; };
		02EB0FCC19E7AE140039C969 /* README.md */ = {isa = PBXFileReference; fileEncoding = 4; lastKnownFileType = net.daringfireball.markdown; name = README.md; path = ../README.md; sourceTree = "<group>"; };
		1058C7A1FEA54F0111CA2CBB /* Cocoa.framework */ = {isa = PBXFileReference; lastKnownFileType = wrapper.framework; name = Cocoa.framework; path = /System/Library/Frameworks/Cocoa.framework; sourceTree = "<absolute>"; };
		29B97324FDCFA39411CA2CEA /* AppKit.framework */ = {isa = PBXFileReference; lastKnownFileType = wrapper.framework; name = AppKit.framework; path = /System/Library/Frameworks/AppKit.framework; sourceTree = "<absolute>"; };
		29B97325FDCFA39411CA2CEA /* Foundation.framework */ = {isa = PBXFileReference; lastKnownFileType = wrapper.framework; name = Foundation.framework; path = /System/Library/Frameworks/Foundation.framework; sourceTree = "<absolute>"; };
		2A8EFC75D432474AA0FA9408 /* Info.plist */ = {isa = PBXFileReference; lastKnownFileType = text.plist.xml; path = Info.plist; sourceTree = "<group>"; };
		5323E6B10EAFCA74003A9687 /* CoreVideo.framework */ = {isa = PBXFileReference; lastKnownFileType = wrapper.framework; name = CoreVideo.framework; path = /System/Library/Frameworks/CoreVideo.framework; sourceTree = "<absolute>"; };
		5323E6B50EAFCA7E003A9687 /* QTKit.framework */ = {isa = PBXFileReference; lastKnownFileType = wrapper.framework; name = QTKit.framework; path = /System/Library/Frameworks/QTKit.framework; sourceTree = "<absolute>"; };
		69C0EA94437F4A37BC146E1F /* Resources.h */ = {isa = PBXFileReference; lastKnownFileType = sourcecode.c.h; name = Resources.h; path = ../include/Resources.h; sourceTree = "<group>"; };
		8D1107320486CEB800E47090 /* Ribbons.app */ = {isa = PBXFileReference; explicitFileType = wrapper.application; includeInIndex = 0; path = Ribbons.app; sourceTree = BUILT_PRODUCTS_DIR; };
		A2DF4174E5BD4D5E85613E86 /* RibbonsApp.cpp */ = {isa = PBXFileReference; lastKnownFileType = sourcecode.c.cpp; name = RibbonsApp.cpp; path = ../src/RibbonsApp.cpp; sourceTree = "<group>"; };
		FCC5A6A1223646DC9C2A2635 /* Ribbons_Prefix.pch */ = {isa = PBXFileReference; lastKnownFileType = "\"\""; path = Ribbons_Prefix.pch; sourceTree = "<group>"; };
/* End PBXFileReference section */

/* Begin PBXFrameworksBuildPhase section */
		8D11072E0486CEB800E47090 /* Frameworks */ = {
			isa = PBXFrameworksBuildPhase;
			buildActionMask = 2147483647;
			files = (
				025A4C2B1AB6953000917CFF /* libcinder_d.a in Frameworks */,
				025A4C2A1AB6952600917CFF /* libovr.a in Frameworks */,
				8D11072F0486CEB800E47090 /* Cocoa.framework in Frameworks */,
				0091D8F90E81B9330029341E /* OpenGL.framework in Frameworks */,
				5323E6B20EAFCA74003A9687 /* CoreVideo.framework in Frameworks */,
				5323E6B60EAFCA7E003A9687 /* QTKit.framework in Frameworks */,
				00B784B30FF439BC000DE1D7 /* Accelerate.framework in Frameworks */,
				00B784B40FF439BC000DE1D7 /* AudioToolbox.framework in Frameworks */,
				00B784B50FF439BC000DE1D7 /* AudioUnit.framework in Frameworks */,
				00B784B60FF439BC000DE1D7 /* CoreAudio.framework in Frameworks */,
			);
			runOnlyForDeploymentPostprocessing = 0;
		};
/* End PBXFrameworksBuildPhase section */

/* Begin PBXGroup section */
		01B97315FEAEA392516A2CEA /* Blocks */ = {
			isa = PBXGroup;
			children = (
			);
			name = Blocks;
			sourceTree = "<group>";
		};
		025A4C1D1AB68BE600917CFF /* Products */ = {
			isa = PBXGroup;
			children = (
				025A4C231AB68BE600917CFF /* libcinder_d.a */,
				025A4C251AB68BE600917CFF /* libcinder-iphone_d.a */,
				025A4C271AB68BE600917CFF /* libcinder-iphone-sim_d.a */,
			);
			name = Products;
			sourceTree = "<group>";
		};
		0266C0641A588BCF004C0A6C /* Products */ = {
			isa = PBXGroup;
			children = (
				0266C0681A588BD0004C0A6C /* libovr.a */,
			);
			name = Products;
			sourceTree = "<group>";
		};
		080E96DDFE201D6D7F000001 /* Source */ = {
			isa = PBXGroup;
			children = (
				02EB0FC519E102130039C969 /* AudioProcessor.cpp */,
				02A24D8A19E9047600CBD22F /* BeatCircle.cpp */,
				02644D371A11ADCF00937F23 /* PitchCircle.cpp */,
				027794F619D893700086BF1A /* RibbonManager.cpp */,
				027794F319D7DEBD0086BF1A /* RibbonMesh.cpp */,
				A2DF4174E5BD4D5E85613E86 /* RibbonsApp.cpp */,
				029D205F1A13308E0080E196 /* Starfield.cpp */,
			);
			name = Source;
			sourceTree = "<group>";
		};
		1058C7A0FEA54F0111CA2CBB /* Linked Frameworks */ = {
			isa = PBXGroup;
			children = (
				00B784AF0FF439BC000DE1D7 /* Accelerate.framework */,
				00B784B00FF439BC000DE1D7 /* AudioToolbox.framework */,
				00B784B10FF439BC000DE1D7 /* AudioUnit.framework */,
				00B784B20FF439BC000DE1D7 /* CoreAudio.framework */,
				5323E6B50EAFCA7E003A9687 /* QTKit.framework */,
				5323E6B10EAFCA74003A9687 /* CoreVideo.framework */,
				0091D8F80E81B9330029341E /* OpenGL.framework */,
				1058C7A1FEA54F0111CA2CBB /* Cocoa.framework */,
			);
			name = "Linked Frameworks";
			sourceTree = "<group>";
		};
		1058C7A2FEA54F0111CA2CBB /* Other Frameworks */ = {
			isa = PBXGroup;
			children = (
				29B97324FDCFA39411CA2CEA /* AppKit.framework */,
				29B97325FDCFA39411CA2CEA /* Foundation.framework */,
			);
			name = "Other Frameworks";
			sourceTree = "<group>";
		};
		19C28FACFE9D520D11CA2CBB /* Products */ = {
			isa = PBXGroup;
			children = (
				8D1107320486CEB800E47090 /* Ribbons.app */,
			);
			name = Products;
			sourceTree = "<group>";
		};
		29B97314FDCFA39411CA2CEA /* Ribbons */ = {
			isa = PBXGroup;
			children = (
				029F8F2D1AB660020012733C /* cinder.xcodeproj */,
				0266C0631A588BCF004C0A6C /* LibOVR.xcodeproj */,
				02EB0FCC19E7AE140039C969 /* README.md */,
				01B97315FEAEA392516A2CEA /* Blocks */,
				29B97323FDCFA39411CA2CEA /* Frameworks */,
				29B97315FDCFA39411CA2CEA /* Headers */,
				19C28FACFE9D520D11CA2CBB /* Products */,
				29B97317FDCFA39411CA2CEA /* Resources */,
				080E96DDFE201D6D7F000001 /* Source */,
			);
			name = Ribbons;
			sourceTree = "<group>";
		};
		29B97315FDCFA39411CA2CEA /* Headers */ = {
			isa = PBXGroup;
			children = (
				02EB0FC619E102130039C969 /* AudioProcessor.h */,
				02A24D8B19E9047600CBD22F /* BeatCircle.h */,
				02644D381A11ADCF00937F23 /* PitchCircle.h */,
				69C0EA94437F4A37BC146E1F /* Resources.h */,
				027794F719D893700086BF1A /* RibbonManager.h */,
				027794F419D7DEBD0086BF1A /* RibbonMesh.h */,
				FCC5A6A1223646DC9C2A2635 /* Ribbons_Prefix.pch */,
				02EB0FCB19E646830039C969 /* RibbonsApp.h */,
				029D20601A13308E0080E196 /* Starfield.h */,
			);
			name = Headers;
			sourceTree = "<group>";
		};
		29B97317FDCFA39411CA2CEA /* Resources */ = {
			isa = PBXGroup;
			children = (
				0237623D1AB683F90001A611 /* Ribbons.iconset */,
				2A8EFC75D432474AA0FA9408 /* Info.plist */,
			);
			name = Resources;
			sourceTree = "<group>";
		};
		29B97323FDCFA39411CA2CEA /* Frameworks */ = {
			isa = PBXGroup;
			children = (
				02BD75461AB689E40088DA70 /* libcinder_d.a */,
				1058C7A0FEA54F0111CA2CBB /* Linked Frameworks */,
				1058C7A2FEA54F0111CA2CBB /* Other Frameworks */,
			);
			name = Frameworks;
			sourceTree = "<group>";
		};
/* End PBXGroup section */

/* Begin PBXNativeTarget section */
		8D1107260486CEB800E47090 /* Ribbons */ = {
			isa = PBXNativeTarget;
			buildConfigurationList = C01FCF4A08A954540054247B /* Build configuration list for PBXNativeTarget "Ribbons" */;
			buildPhases = (
				8D1107290486CEB800E47090 /* Resources */,
				8D11072C0486CEB800E47090 /* Sources */,
				8D11072E0486CEB800E47090 /* Frameworks */,
			);
			buildRules = (
			);
			dependencies = (
			);
			name = Ribbons;
			productInstallPath = "$(HOME)/Applications";
			productName = Ribbons;
			productReference = 8D1107320486CEB800E47090 /* Ribbons.app */;
			productType = "com.apple.product-type.application";
		};
/* End PBXNativeTarget section */

/* Begin PBXProject section */
		29B97313FDCFA39411CA2CEA /* Project object */ = {
			isa = PBXProject;
			attributes = {
				LastUpgradeCheck = 0600;
				ORGANIZATIONNAME = "Bryce Matsumori";
			};
			buildConfigurationList = C01FCF4E08A954540054247B /* Build configuration list for PBXProject "Ribbons" */;
			compatibilityVersion = "Xcode 3.2";
			developmentRegion = English;
			hasScannedForEncodings = 1;
			knownRegions = (
				English,
				Japanese,
				French,
				German,
			);
			mainGroup = 29B97314FDCFA39411CA2CEA /* Ribbons */;
			projectDirPath = "";
			projectReferences = (
				{
					ProductGroup = 025A4C1D1AB68BE600917CFF /* Products */;
					ProjectRef = 029F8F2D1AB660020012733C /* cinder.xcodeproj */;
				},
				{
					ProductGroup = 0266C0641A588BCF004C0A6C /* Products */;
					ProjectRef = 0266C0631A588BCF004C0A6C /* LibOVR.xcodeproj */;
				},
			);
			projectRoot = "";
			targets = (
				8D1107260486CEB800E47090 /* Ribbons */,
			);
		};
/* End PBXProject section */

/* Begin PBXReferenceProxy section */
		025A4C231AB68BE600917CFF /* libcinder_d.a */ = {
			isa = PBXReferenceProxy;
			fileType = archive.ar;
			path = libcinder_d.a;
			remoteRef = 025A4C221AB68BE600917CFF /* PBXContainerItemProxy */;
			sourceTree = BUILT_PRODUCTS_DIR;
		};
		025A4C251AB68BE600917CFF /* libcinder-iphone_d.a */ = {
			isa = PBXReferenceProxy;
			fileType = archive.ar;
			path = "libcinder-iphone_d.a";
			remoteRef = 025A4C241AB68BE600917CFF /* PBXContainerItemProxy */;
			sourceTree = BUILT_PRODUCTS_DIR;
		};
		025A4C271AB68BE600917CFF /* libcinder-iphone-sim_d.a */ = {
			isa = PBXReferenceProxy;
			fileType = archive.ar;
			path = "libcinder-iphone-sim_d.a";
			remoteRef = 025A4C261AB68BE600917CFF /* PBXContainerItemProxy */;
			sourceTree = BUILT_PRODUCTS_DIR;
		};
		0266C0681A588BD0004C0A6C /* libovr.a */ = {
			isa = PBXReferenceProxy;
			fileType = archive.ar;
			path = libovr.a;
			remoteRef = 0266C0671A588BD0004C0A6C /* PBXContainerItemProxy */;
			sourceTree = BUILT_PRODUCTS_DIR;
		};
/* End PBXReferenceProxy section */

/* Begin PBXResourcesBuildPhase section */
		8D1107290486CEB800E47090 /* Resources */ = {
			isa = PBXResourcesBuildPhase;
			buildActionMask = 2147483647;
			files = (
				0237623E1AB683F90001A611 /* Ribbons.iconset in Resources */,
			);
			runOnlyForDeploymentPostprocessing = 0;
		};
/* End PBXResourcesBuildPhase section */

/* Begin PBXSourcesBuildPhase section */
		8D11072C0486CEB800E47090 /* Sources */ = {
			isa = PBXSourcesBuildPhase;
			buildActionMask = 2147483647;
			files = (
				027794F519D7DEBD0086BF1A /* RibbonMesh.cpp in Sources */,
				02EB0FC719E102130039C969 /* AudioProcessor.cpp in Sources */,
				02644D391A11ADCF00937F23 /* PitchCircle.cpp in Sources */,
				02EB0FCE19E7AE140039C969 /* README.md in Sources */,
				029D20611A13308E0080E196 /* Starfield.cpp in Sources */,
				02A24D8C19E9047600CBD22F /* BeatCircle.cpp in Sources */,
				027794F819D893700086BF1A /* RibbonManager.cpp in Sources */,
				E048231046E045D5AED2B0AA /* RibbonsApp.cpp in Sources */,
			);
			runOnlyForDeploymentPostprocessing = 0;
		};
/* End PBXSourcesBuildPhase section */

/* Begin XCBuildConfiguration section */
		C01FCF4B08A954540054247B /* Debug */ = {
			isa = XCBuildConfiguration;
			buildSettings = {
				CINDER_PATH = "~/cinder";
				COMBINE_HIDPI_IMAGES = YES;
				COPY_PHASE_STRIP = NO;
				DEAD_CODE_STRIPPING = YES;
				GCC_DYNAMIC_NO_PIC = NO;
				GCC_INLINES_ARE_PRIVATE_EXTERN = YES;
				GCC_OPTIMIZATION_LEVEL = 0;
				GCC_PRECOMPILE_PREFIX_HEADER = YES;
				GCC_PREFIX_HEADER = Ribbons_Prefix.pch;
				GCC_PREPROCESSOR_DEFINITIONS = (
					"DEBUG=1",
					"$(inherited)",
				);
				GCC_PREPROCESSOR_DEFINITIONS_NOT_USED_IN_PRECOMPS = (
					"VR=1",
					"ENABLE_FILE_CHOOSER=1",
				);
				GCC_SYMBOLS_PRIVATE_EXTERN = NO;
				INFOPLIST_FILE = Info.plist;
				INSTALL_PATH = "$(HOME)/Applications";
				LIBOVR_PATH = "~/OculusSDK/LibOVR";
				LIBRARY_SEARCH_PATHS = (
					"$(inherited)",
					/Users/bryce/cinder/lib,
				);
				PRODUCT_NAME = Ribbons;
				SYMROOT = ./build;
				WRAPPER_EXTENSION = app;
			};
			name = Debug;
		};
		C01FCF4C08A954540054247B /* Release */ = {
			isa = XCBuildConfiguration;
			buildSettings = {
				CINDER_PATH = "~/cinder";
				COMBINE_HIDPI_IMAGES = YES;
				DEAD_CODE_STRIPPING = YES;
				DEBUG_INFORMATION_FORMAT = "dwarf-with-dsym";
				GCC_FAST_MATH = YES;
				GCC_GENERATE_DEBUGGING_SYMBOLS = NO;
				GCC_INLINES_ARE_PRIVATE_EXTERN = YES;
				GCC_OPTIMIZATION_LEVEL = 3;
				GCC_PRECOMPILE_PREFIX_HEADER = YES;
				GCC_PREFIX_HEADER = Ribbons_Prefix.pch;
				GCC_PREPROCESSOR_DEFINITIONS = (
					"NDEBUG=1",
					"$(inherited)",
				);
				GCC_PREPROCESSOR_DEFINITIONS_NOT_USED_IN_PRECOMPS = (
					"VR=1",
					"ENABLE_FILE_CHOOSER=1",
				);
				GCC_SYMBOLS_PRIVATE_EXTERN = NO;
				INFOPLIST_FILE = Info.plist;
				INSTALL_PATH = "$(HOME)/Applications";
				LIBOVR_PATH = "~/OculusSDK/LibOVR";
				LIBRARY_SEARCH_PATHS = (
					"$(inherited)",
					/Users/bryce/cinder/lib,
				);
				PRODUCT_NAME = Ribbons;
				STRIP_INSTALLED_PRODUCT = YES;
				SYMROOT = ./build;
				WRAPPER_EXTENSION = app;
			};
			name = Release;
		};
		C01FCF4F08A954540054247B /* Debug */ = {
			isa = XCBuildConfiguration;
			buildSettings = {
				ALWAYS_SEARCH_USER_PATHS = NO;
				CINDER_PATH = "~/cinder";
				CLANG_CXX_LANGUAGE_STANDARD = "c++0x";
				CLANG_CXX_LIBRARY = "libc++";
				GCC_WARN_ABOUT_RETURN_TYPE = YES;
				GCC_WARN_UNUSED_VARIABLE = YES;
				HEADER_SEARCH_PATHS = "\"$(CINDER_PATH)/boost\"";
				LIBOVR_PATH = "~/OculusSDK/LibOVR";
				MACOSX_DEPLOYMENT_TARGET = 10.7;
				ONLY_ACTIVE_ARCH = YES;
				SDKROOT = macosx;
				USER_HEADER_SEARCH_PATHS = "\"$(CINDER_PATH)/include\" $(LIBOVR_PATH)/Include $(LIBOVR_PATH)/Src ../include";
			};
			name = Debug;
		};
		C01FCF5008A954540054247B /* Release */ = {
			isa = XCBuildConfiguration;
			buildSettings = {
				ALWAYS_SEARCH_USER_PATHS = NO;
				CINDER_PATH = "~/cinder";
				CLANG_CXX_LANGUAGE_STANDARD = "c++0x";
				CLANG_CXX_LIBRARY = "libc++";
				GCC_WARN_ABOUT_RETURN_TYPE = YES;
				GCC_WARN_UNUSED_VARIABLE = YES;
				HEADER_SEARCH_PATHS = "\"$(CINDER_PATH)/boost\"";
				LIBOVR_PATH = "~/OculusSDK/LibOVR";
				MACOSX_DEPLOYMENT_TARGET = 10.7;
				SDKROOT = macosx;
				USER_HEADER_SEARCH_PATHS = "\"$(CINDER_PATH)/include\" $(LIBOVR_PATH)/Include $(LIBOVR_PATH)/Src ../include";
			};
			name = Release;
		};
/* End XCBuildConfiguration section */

/* Begin XCConfigurationList section */
		C01FCF4A08A954540054247B /* Build configuration list for PBXNativeTarget "Ribbons" */ = {
			isa = XCConfigurationList;
			buildConfigurations = (
				C01FCF4B08A954540054247B /* Debug */,
				C01FCF4C08A954540054247B /* Release */,
			);
			defaultConfigurationIsVisible = 0;
			defaultConfigurationName = Release;
		};
		C01FCF4E08A954540054247B /* Build configuration list for PBXProject "Ribbons" */ = {
			isa = XCConfigurationList;
			buildConfigurations = (
				C01FCF4F08A954540054247B /* Debug */,
				C01FCF5008A954540054247B /* Release */,
			);
			defaultConfigurationIsVisible = 0;
			defaultConfigurationName = Release;
		};
/* End XCConfigurationList section */
	};
	rootObject = 29B97313FDCFA39411CA2CEA /* Project object */;
}
